
Microsoft Visual Studio Solution File, Format Version 12.00
# Visual Studio Version 16
VisualStudioVersion = 16.0.30523.141
MinimumVisualStudioVersion = 10.0.40219.1
Project("{9A19103F-16F7-4668-BE54-9A1E7A4F7556}") = "Networking", "Networking\Networking.csproj", "{1F3EEA61-777B-4363-9595-DE197A07BAD3}"
EndProject
Project("{FAE04EC0-301F-11D3-BF4B-00C04F79EFBC}") = "SoapServiceWCF", "SoapServiceWCF\SoapServiceWCF.csproj", "{C43DFE48-0D08-4A15-BEF3-EE2DF77897CB}"
EndProject
Project("{9A19103F-16F7-4668-BE54-9A1E7A4F7556}") = "RestServiceCore", "RestServiceCore\RestServiceCore.csproj", "{743CD3F3-66AF-4409-90B8-590FDD5E4AEA}"
EndProject
Project("{FAE04EC0-301F-11D3-BF4B-00C04F79EFBC}") = "RestServiceWCF", "RestServiceWCF\RestServiceWCF.csproj", "{77443863-6E5F-4175-B574-62295030EE34}"
EndProject
Project("{FAE04EC0-301F-11D3-BF4B-00C04F79EFBC}") = "SelfHostedRestServiceWCF", "SelfHostedRestServiceWCF\SelfHostedRestServiceWCF.csproj", "{65944041-AD49-4811-80B6-CB85296A3861}"
EndProject
Project("{FAE04EC0-301F-11D3-BF4B-00C04F79EFBC}") = "ClientApp", "ClientApp\ClientApp.csproj", "{80D8B6EE-28AD-423E-829D-DDD674BEFBBA}"
	ProjectSection(ProjectDependencies) = postProject
		{C43DFE48-0D08-4A15-BEF3-EE2DF77897CB} = {C43DFE48-0D08-4A15-BEF3-EE2DF77897CB}
	EndProjectSection
EndProject
Project("{FAE04EC0-301F-11D3-BF4B-00C04F79EFBC}") = "RestServiceWCFClient", "RestServiceWCFClient\RestServiceWCFClient.csproj", "{0FCCF047-E8E0-4327-8C23-1BDC6B73E9B0}"
EndProject
Project("{FAE04EC0-301F-11D3-BF4B-00C04F79EFBC}") = "RestServiceWCFContracts", "RestServiceWCFContracts\RestServiceWCFContracts.csproj", "{2DED46DC-2D25-4477-8088-0D186C46C7BF}"
EndProject
Global
	GlobalSection(SolutionConfigurationPlatforms) = preSolution
		Debug|Any CPU = Debug|Any CPU
		Debug|ARM = Debug|ARM
		Debug|ARM64 = Debug|ARM64
		Debug|x64 = Debug|x64
		Debug|x86 = Debug|x86
		Release|Any CPU = Release|Any CPU
		Release|ARM = Release|ARM
		Release|ARM64 = Release|ARM64
		Release|x64 = Release|x64
		Release|x86 = Release|x86
	EndGlobalSection
	GlobalSection(ProjectConfigurationPlatforms) = postSolution
		{1F3EEA61-777B-4363-9595-DE197A07BAD3}.Debug|Any CPU.ActiveCfg = Debug|Any CPU
		{1F3EEA61-777B-4363-9595-DE197A07BAD3}.Debug|Any CPU.Build.0 = Debug|Any CPU
		{1F3EEA61-777B-4363-9595-DE197A07BAD3}.Debug|ARM.ActiveCfg = Debug|Any CPU
		{1F3EEA61-777B-4363-9595-DE197A07BAD3}.Debug|ARM.Build.0 = Debug|Any CPU
		{1F3EEA61-777B-4363-9595-DE197A07BAD3}.Debug|ARM64.ActiveCfg = Debug|Any CPU
		{1F3EEA61-777B-4363-9595-DE197A07BAD3}.Debug|ARM64.Build.0 = Debug|Any CPU
		{1F3EEA61-777B-4363-9595-DE197A07BAD3}.Debug|x64.ActiveCfg = Debug|Any CPU
		{1F3EEA61-777B-4363-9595-DE197A07BAD3}.Debug|x64.Build.0 = Debug|Any CPU
		{1F3EEA61-777B-4363-9595-DE197A07BAD3}.Debug|x86.ActiveCfg = Debug|Any CPU
		{1F3EEA61-777B-4363-9595-DE197A07BAD3}.Debug|x86.Build.0 = Debug|Any CPU
		{1F3EEA61-777B-4363-9595-DE197A07BAD3}.Release|Any CPU.ActiveCfg = Release|Any CPU
		{1F3EEA61-777B-4363-9595-DE197A07BAD3}.Release|Any CPU.Build.0 = Release|Any CPU
		{1F3EEA61-777B-4363-9595-DE197A07BAD3}.Release|ARM.ActiveCfg = Release|Any CPU
		{1F3EEA61-777B-4363-9595-DE197A07BAD3}.Release|ARM.Build.0 = Release|Any CPU
		{1F3EEA61-777B-4363-9595-DE197A07BAD3}.Release|ARM64.ActiveCfg = Release|Any CPU
		{1F3EEA61-777B-4363-9595-DE197A07BAD3}.Release|ARM64.Build.0 = Release|Any CPU
		{1F3EEA61-777B-4363-9595-DE197A07BAD3}.Release|x64.ActiveCfg = Release|Any CPU
		{1F3EEA61-777B-4363-9595-DE197A07BAD3}.Release|x64.Build.0 = Release|Any CPU
		{1F3EEA61-777B-4363-9595-DE197A07BAD3}.Release|x86.ActiveCfg = Release|Any CPU
		{1F3EEA61-777B-4363-9595-DE197A07BAD3}.Release|x86.Build.0 = Release|Any CPU
		{C43DFE48-0D08-4A15-BEF3-EE2DF77897CB}.Debug|Any CPU.ActiveCfg = Debug|Any CPU
		{C43DFE48-0D08-4A15-BEF3-EE2DF77897CB}.Debug|Any CPU.Build.0 = Debug|Any CPU
		{C43DFE48-0D08-4A15-BEF3-EE2DF77897CB}.Debug|ARM.ActiveCfg = Debug|Any CPU
		{C43DFE48-0D08-4A15-BEF3-EE2DF77897CB}.Debug|ARM.Build.0 = Debug|Any CPU
		{C43DFE48-0D08-4A15-BEF3-EE2DF77897CB}.Debug|ARM64.ActiveCfg = Debug|Any CPU
		{C43DFE48-0D08-4A15-BEF3-EE2DF77897CB}.Debug|ARM64.Build.0 = Debug|Any CPU
		{C43DFE48-0D08-4A15-BEF3-EE2DF77897CB}.Debug|x64.ActiveCfg = Debug|Any CPU
		{C43DFE48-0D08-4A15-BEF3-EE2DF77897CB}.Debug|x64.Build.0 = Debug|Any CPU
		{C43DFE48-0D08-4A15-BEF3-EE2DF77897CB}.Debug|x86.ActiveCfg = Debug|Any CPU
		{C43DFE48-0D08-4A15-BEF3-EE2DF77897CB}.Debug|x86.Build.0 = Debug|Any CPU
		{C43DFE48-0D08-4A15-BEF3-EE2DF77897CB}.Release|Any CPU.ActiveCfg = Release|Any CPU
		{C43DFE48-0D08-4A15-BEF3-EE2DF77897CB}.Release|Any CPU.Build.0 = Release|Any CPU
		{C43DFE48-0D08-4A15-BEF3-EE2DF77897CB}.Release|ARM.ActiveCfg = Release|Any CPU
		{C43DFE48-0D08-4A15-BEF3-EE2DF77897CB}.Release|ARM.Build.0 = Release|Any CPU
		{C43DFE48-0D08-4A15-BEF3-EE2DF77897CB}.Release|ARM64.ActiveCfg = Release|Any CPU
		{C43DFE48-0D08-4A15-BEF3-EE2DF77897CB}.Release|ARM64.Build.0 = Release|Any CPU
		{C43DFE48-0D08-4A15-BEF3-EE2DF77897CB}.Release|x64.ActiveCfg = Release|Any CPU
		{C43DFE48-0D08-4A15-BEF3-EE2DF77897CB}.Release|x64.Build.0 = Release|Any CPU
		{C43DFE48-0D08-4A15-BEF3-EE2DF77897CB}.Release|x86.ActiveCfg = Release|Any CPU
		{C43DFE48-0D08-4A15-BEF3-EE2DF77897CB}.Release|x86.Build.0 = Release|Any CPU
		{743CD3F3-66AF-4409-90B8-590FDD5E4AEA}.Debug|Any CPU.ActiveCfg = Debug|Any CPU
		{743CD3F3-66AF-4409-90B8-590FDD5E4AEA}.Debug|Any CPU.Build.0 = Debug|Any CPU
		{743CD3F3-66AF-4409-90B8-590FDD5E4AEA}.Debug|ARM.ActiveCfg = Debug|Any CPU
		{743CD3F3-66AF-4409-90B8-590FDD5E4AEA}.Debug|ARM.Build.0 = Debug|Any CPU
		{743CD3F3-66AF-4409-90B8-590FDD5E4AEA}.Debug|ARM64.ActiveCfg = Debug|Any CPU
		{743CD3F3-66AF-4409-90B8-590FDD5E4AEA}.Debug|ARM64.Build.0 = Debug|Any CPU
		{743CD3F3-66AF-4409-90B8-590FDD5E4AEA}.Debug|x64.ActiveCfg = Debug|Any CPU
		{743CD3F3-66AF-4409-90B8-590FDD5E4AEA}.Debug|x64.Build.0 = Debug|Any CPU
		{743CD3F3-66AF-4409-90B8-590FDD5E4AEA}.Debug|x86.ActiveCfg = Debug|Any CPU
		{743CD3F3-66AF-4409-90B8-590FDD5E4AEA}.Debug|x86.Build.0 = Debug|Any CPU
		{743CD3F3-66AF-4409-90B8-590FDD5E4AEA}.Release|Any CPU.ActiveCfg = Release|Any CPU
		{743CD3F3-66AF-4409-90B8-590FDD5E4AEA}.Release|Any CPU.Build.0 = Release|Any CPU
		{743CD3F3-66AF-4409-90B8-590FDD5E4AEA}.Release|ARM.ActiveCfg = Release|Any CPU
		{743CD3F3-66AF-4409-90B8-590FDD5E4AEA}.Release|ARM.Build.0 = Release|Any CPU
		{743CD3F3-66AF-4409-90B8-590FDD5E4AEA}.Release|ARM64.ActiveCfg = Release|Any CPU
		{743CD3F3-66AF-4409-90B8-590FDD5E4AEA}.Release|ARM64.Build.0 = Release|Any CPU
		{743CD3F3-66AF-4409-90B8-590FDD5E4AEA}.Release|x64.ActiveCfg = Release|Any CPU
		{743CD3F3-66AF-4409-90B8-590FDD5E4AEA}.Release|x64.Build.0 = Release|Any CPU
		{743CD3F3-66AF-4409-90B8-590FDD5E4AEA}.Release|x86.ActiveCfg = Release|Any CPU
		{743CD3F3-66AF-4409-90B8-590FDD5E4AEA}.Release|x86.Build.0 = Release|Any CPU
		{77443863-6E5F-4175-B574-62295030EE34}.Debug|Any CPU.ActiveCfg = Debug|Any CPU
		{77443863-6E5F-4175-B574-62295030EE34}.Debug|Any CPU.Build.0 = Debug|Any CPU
		{77443863-6E5F-4175-B574-62295030EE34}.Debug|ARM.ActiveCfg = Debug|Any CPU
		{77443863-6E5F-4175-B574-62295030EE34}.Debug|ARM.Build.0 = Debug|Any CPU
		{77443863-6E5F-4175-B574-62295030EE34}.Debug|ARM64.ActiveCfg = Debug|Any CPU
		{77443863-6E5F-4175-B574-62295030EE34}.Debug|ARM64.Build.0 = Debug|Any CPU
		{77443863-6E5F-4175-B574-62295030EE34}.Debug|x64.ActiveCfg = Debug|Any CPU
		{77443863-6E5F-4175-B574-62295030EE34}.Debug|x64.Build.0 = Debug|Any CPU
		{77443863-6E5F-4175-B574-62295030EE34}.Debug|x86.ActiveCfg = Debug|Any CPU
		{77443863-6E5F-4175-B574-62295030EE34}.Debug|x86.Build.0 = Debug|Any CPU
		{77443863-6E5F-4175-B574-62295030EE34}.Release|Any CPU.ActiveCfg = Release|Any CPU
		{77443863-6E5F-4175-B574-62295030EE34}.Release|Any CPU.Build.0 = Release|Any CPU
		{77443863-6E5F-4175-B574-62295030EE34}.Release|ARM.ActiveCfg = Release|Any CPU
		{77443863-6E5F-4175-B574-62295030EE34}.Release|ARM.Build.0 = Release|Any CPU
		{77443863-6E5F-4175-B574-62295030EE34}.Release|ARM64.ActiveCfg = Release|Any CPU
		{77443863-6E5F-4175-B574-62295030EE34}.Release|ARM64.Build.0 = Release|Any CPU
		{77443863-6E5F-4175-B574-62295030EE34}.Release|x64.ActiveCfg = Release|Any CPU
		{77443863-6E5F-4175-B574-62295030EE34}.Release|x64.Build.0 = Release|Any CPU
		{77443863-6E5F-4175-B574-62295030EE34}.Release|x86.ActiveCfg = Release|Any CPU
		{77443863-6E5F-4175-B574-62295030EE34}.Release|x86.Build.0 = Release|Any CPU
		{65944041-AD49-4811-80B6-CB85296A3861}.Debug|Any CPU.ActiveCfg = Debug|Any CPU
		{65944041-AD49-4811-80B6-CB85296A3861}.Debug|Any CPU.Build.0 = Debug|Any CPU
		{65944041-AD49-4811-80B6-CB85296A3861}.Debug|ARM.ActiveCfg = Debug|Any CPU
		{65944041-AD49-4811-80B6-CB85296A3861}.Debug|ARM.Build.0 = Debug|Any CPU
		{65944041-AD49-4811-80B6-CB85296A3861}.Debug|ARM64.ActiveCfg = Debug|Any CPU
		{65944041-AD49-4811-80B6-CB85296A3861}.Debug|ARM64.Build.0 = Debug|Any CPU
		{65944041-AD49-4811-80B6-CB85296A3861}.Debug|x64.ActiveCfg = Debug|Any CPU
		{65944041-AD49-4811-80B6-CB85296A3861}.Debug|x64.Build.0 = Debug|Any CPU
		{65944041-AD49-4811-80B6-CB85296A3861}.Debug|x86.ActiveCfg = Debug|Any CPU
		{65944041-AD49-4811-80B6-CB85296A3861}.Debug|x86.Build.0 = Debug|Any CPU
		{65944041-AD49-4811-80B6-CB85296A3861}.Release|Any CPU.ActiveCfg = Release|Any CPU
		{65944041-AD49-4811-80B6-CB85296A3861}.Release|Any CPU.Build.0 = Release|Any CPU
		{65944041-AD49-4811-80B6-CB85296A3861}.Release|ARM.ActiveCfg = Release|Any CPU
		{65944041-AD49-4811-80B6-CB85296A3861}.Release|ARM.Build.0 = Release|Any CPU
		{65944041-AD49-4811-80B6-CB85296A3861}.Release|ARM64.ActiveCfg = Release|Any CPU
		{65944041-AD49-4811-80B6-CB85296A3861}.Release|ARM64.Build.0 = Release|Any CPU
		{65944041-AD49-4811-80B6-CB85296A3861}.Release|x64.ActiveCfg = Release|Any CPU
		{65944041-AD49-4811-80B6-CB85296A3861}.Release|x64.Build.0 = Release|Any CPU
		{65944041-AD49-4811-80B6-CB85296A3861}.Release|x86.ActiveCfg = Release|Any CPU
		{65944041-AD49-4811-80B6-CB85296A3861}.Release|x86.Build.0 = Release|Any CPU
		{80D8B6EE-28AD-423E-829D-DDD674BEFBBA}.Debug|Any CPU.ActiveCfg = Debug|x64
		{80D8B6EE-28AD-423E-829D-DDD674BEFBBA}.Debug|ARM.ActiveCfg = Debug|ARM
		{80D8B6EE-28AD-423E-829D-DDD674BEFBBA}.Debug|ARM.Build.0 = Debug|ARM
		{80D8B6EE-28AD-423E-829D-DDD674BEFBBA}.Debug|ARM.Deploy.0 = Debug|ARM
		{80D8B6EE-28AD-423E-829D-DDD674BEFBBA}.Debug|ARM64.ActiveCfg = Debug|ARM64
		{80D8B6EE-28AD-423E-829D-DDD674BEFBBA}.Debug|ARM64.Build.0 = Debug|ARM64
		{80D8B6EE-28AD-423E-829D-DDD674BEFBBA}.Debug|ARM64.Deploy.0 = Debug|ARM64
		{80D8B6EE-28AD-423E-829D-DDD674BEFBBA}.Debug|x64.ActiveCfg = Debug|x64
		{80D8B6EE-28AD-423E-829D-DDD674BEFBBA}.Debug|x64.Build.0 = Debug|x64
		{80D8B6EE-28AD-423E-829D-DDD674BEFBBA}.Debug|x64.Deploy.0 = Debug|x64
		{80D8B6EE-28AD-423E-829D-DDD674BEFBBA}.Debug|x86.ActiveCfg = Debug|x86
		{80D8B6EE-28AD-423E-829D-DDD674BEFBBA}.Debug|x86.Build.0 = Debug|x86
		{80D8B6EE-28AD-423E-829D-DDD674BEFBBA}.Debug|x86.Deploy.0 = Debug|x86
		{80D8B6EE-28AD-423E-829D-DDD674BEFBBA}.Release|Any CPU.ActiveCfg = Release|x86
		{80D8B6EE-28AD-423E-829D-DDD674BEFBBA}.Release|ARM.ActiveCfg = Release|ARM
		{80D8B6EE-28AD-423E-829D-DDD674BEFBBA}.Release|ARM.Build.0 = Release|ARM
		{80D8B6EE-28AD-423E-829D-DDD674BEFBBA}.Release|ARM.Deploy.0 = Release|ARM
		{80D8B6EE-28AD-423E-829D-DDD674BEFBBA}.Release|ARM64.ActiveCfg = Release|ARM64
		{80D8B6EE-28AD-423E-829D-DDD674BEFBBA}.Release|ARM64.Build.0 = Release|ARM64
		{80D8B6EE-28AD-423E-829D-DDD674BEFBBA}.Release|ARM64.Deploy.0 = Release|ARM64
		{80D8B6EE-28AD-423E-829D-DDD674BEFBBA}.Release|x64.ActiveCfg = Release|x64
		{80D8B6EE-28AD-423E-829D-DDD674BEFBBA}.Release|x64.Build.0 = Release|x64
		{80D8B6EE-28AD-423E-829D-DDD674BEFBBA}.Release|x64.Deploy.0 = Release|x64
		{80D8B6EE-28AD-423E-829D-DDD674BEFBBA}.Release|x86.ActiveCfg = Release|x86
		{80D8B6EE-28AD-423E-829D-DDD674BEFBBA}.Release|x86.Build.0 = Release|x86
		{80D8B6EE-28AD-423E-829D-DDD674BEFBBA}.Release|x86.Deploy.0 = Release|x86
		{0FCCF047-E8E0-4327-8C23-1BDC6B73E9B0}.Debug|Any CPU.ActiveCfg = Debug|Any CPU
		{0FCCF047-E8E0-4327-8C23-1BDC6B73E9B0}.Debug|Any CPU.Build.0 = Debug|Any CPU
		{0FCCF047-E8E0-4327-8C23-1BDC6B73E9B0}.Debug|ARM.ActiveCfg = Debug|Any CPU
		{0FCCF047-E8E0-4327-8C23-1BDC6B73E9B0}.Debug|ARM.Build.0 = Debug|Any CPU
		{0FCCF047-E8E0-4327-8C23-1BDC6B73E9B0}.Debug|ARM64.ActiveCfg = Debug|Any CPU
		{0FCCF047-E8E0-4327-8C23-1BDC6B73E9B0}.Debug|ARM64.Build.0 = Debug|Any CPU
		{0FCCF047-E8E0-4327-8C23-1BDC6B73E9B0}.Debug|x64.ActiveCfg = Debug|Any CPU
		{0FCCF047-E8E0-4327-8C23-1BDC6B73E9B0}.Debug|x64.Build.0 = Debug|Any CPU
		{0FCCF047-E8E0-4327-8C23-1BDC6B73E9B0}.Debug|x86.ActiveCfg = Debug|Any CPU
		{0FCCF047-E8E0-4327-8C23-1BDC6B73E9B0}.Debug|x86.Build.0 = Debug|Any CPU
		{0FCCF047-E8E0-4327-8C23-1BDC6B73E9B0}.Release|Any CPU.ActiveCfg = Release|Any CPU
		{0FCCF047-E8E0-4327-8C23-1BDC6B73E9B0}.Release|Any CPU.Build.0 = Release|Any CPU
		{0FCCF047-E8E0-4327-8C23-1BDC6B73E9B0}.Release|ARM.ActiveCfg = Release|Any CPU
		{0FCCF047-E8E0-4327-8C23-1BDC6B73E9B0}.Release|ARM.Build.0 = Release|Any CPU
		{0FCCF047-E8E0-4327-8C23-1BDC6B73E9B0}.Release|ARM64.ActiveCfg = Release|Any CPU
		{0FCCF047-E8E0-4327-8C23-1BDC6B73E9B0}.Release|ARM64.Build.0 = Release|Any CPU
		{0FCCF047-E8E0-4327-8C23-1BDC6B73E9B0}.Release|x64.ActiveCfg = Release|Any CPU
		{0FCCF047-E8E0-4327-8C23-1BDC6B73E9B0}.Release|x64.Build.0 = Release|Any CPU
		{0FCCF047-E8E0-4327-8C23-1BDC6B73E9B0}.Release|x86.ActiveCfg = Release|Any CPU
		{0FCCF047-E8E0-4327-8C23-1BDC6B73E9B0}.Release|x86.Build.0 = Release|Any CPU
		{2DED46DC-2D25-4477-8088-0D186C46C7BF}.Debug|Any CPU.ActiveCfg = Debug|Any CPU
		{2DED46DC-2D25-4477-8088-0D186C46C7BF}.Debug|Any CPU.Build.0 = Debug|Any CPU
		{2DED46DC-2D25-4477-8088-0D186C46C7BF}.Debug|ARM.ActiveCfg = Debug|Any CPU
		{2DED46DC-2D25-4477-8088-0D186C46C7BF}.Debug|ARM.Build.0 = Debug|Any CPU
		{2DED46DC-2D25-4477-8088-0D186C46C7BF}.Debug|ARM64.ActiveCfg = Debug|Any CPU
		{2DED46DC-2D25-4477-8088-0D186C46C7BF}.Debug|ARM64.Build.0 = Debug|Any CPU
		{2DED46DC-2D25-4477-8088-0D186C46C7BF}.Debug|x64.ActiveCfg = Debug|Any CPU
		{2DED46DC-2D25-4477-8088-0D186C46C7BF}.Debug|x64.Build.0 = Debug|Any CPU
		{2DED46DC-2D25-4477-8088-0D186C46C7BF}.Debug|x86.ActiveCfg = Debug|Any CPU
		{2DED46DC-2D25-4477-8088-0D186C46C7BF}.Debug|x86.Build.0 = Debug|Any CPU
		{2DED46DC-2D25-4477-8088-0D186C46C7BF}.Release|Any CPU.ActiveCfg = Release|Any CPU
		{2DED46DC-2D25-4477-8088-0D186C46C7BF}.Release|Any CPU.Build.0 = Release|Any CPU
		{2DED46DC-2D25-4477-8088-0D186C46C7BF}.Release|ARM.ActiveCfg = Release|Any CPU
		{2DED46DC-2D25-4477-8088-0D186C46C7BF}.Release|ARM.Build.0 = Release|Any CPU
		{2DED46DC-2D25-4477-8088-0D186C46C7BF}.Release|ARM64.ActiveCfg = Release|Any CPU
		{2DED46DC-2D25-4477-8088-0D186C46C7BF}.Release|ARM64.Build.0 = Release|Any CPU
		{2DED46DC-2D25-4477-8088-0D186C46C7BF}.Release|x64.ActiveCfg = Release|Any CPU
		{2DED46DC-2D25-4477-8088-0D186C46C7BF}.Release|x64.Build.0 = Release|Any CPU
		{2DED46DC-2D25-4477-8088-0D186C46C7BF}.Release|x86.ActiveCfg = Release|Any CPU
		{2DED46DC-2D25-4477-8088-0D186C46C7BF}.Release|x86.Build.0 = Release|Any CPU
	EndGlobalSection
	GlobalSection(SolutionProperties) = preSolution
		HideSolutionNode = FALSE
	EndGlobalSection
	GlobalSection(ExtensibilityGlobals) = postSolution
		SolutionGuid = {B6BA5F6B-3CB8-4706-9DD5-F1837F0E4577}
	EndGlobalSection
EndGlobal
